
Microsoft Visual Studio Solution File, Format Version 12.00
# Visual Studio Version 17
VisualStudioVersion = 17.10.34928.147
MinimumVisualStudioVersion = 10.0.40219.1
Project("{FAE04EC0-301F-11D3-BF4B-00C04F79EFBC}") = "TMS_5_Strings", "TMS_5_Strings.csproj", "{CF537C2A-6D9B-443A-9233-DC7A08F8F8A1}"
EndProject
Global
	GlobalSection(SolutionConfigurationPlatforms) = preSolution
		Debug|Any CPU = Debug|Any CPU
		Release|Any CPU = Release|Any CPU
	EndGlobalSection
	GlobalSection(ProjectConfigurationPlatforms) = postSolution
		{CF537C2A-6D9B-443A-9233-DC7A08F8F8A1}.Debug|Any CPU.ActiveCfg = Debug|Any CPU
		{CF537C2A-6D9B-443A-9233-DC7A08F8F8A1}.Debug|Any CPU.Build.0 = Debug|Any CPU
		{CF537C2A-6D9B-443A-9233-DC7A08F8F8A1}.Release|Any CPU.ActiveCfg = Release|Any CPU
		{CF537C2A-6D9B-443A-9233-DC7A08F8F8A1}.Release|Any CPU.Build.0 = Release|Any CPU
	EndGlobalSection
	GlobalSection(SolutionProperties) = preSolution
		HideSolutionNode = FALSE
	EndGlobalSection
	GlobalSection(ExtensibilityGlobals) = postSolution
		SolutionGuid = {C740E625-1EAD-41F2-939A-2A3612182B29}
	EndGlobalSection
EndGlobal
